
Microsoft Visual Studio Solution File, Format Version 12.00
# Visual Studio Version 17
VisualStudioVersion = 17.5.33414.496
MinimumVisualStudioVersion = 10.0.40219.1
Project("{9A19103F-16F7-4668-BE54-9A1E7A4F7556}") = "correios", "correios.csproj", "{9966DB20-52BD-48F9-8A28-C0B333A22B39}"
EndProject
Global
	GlobalSection(SolutionConfigurationPlatforms) = preSolution
		Debug|Any CPU = Debug|Any CPU
		Release|Any CPU = Release|Any CPU
	EndGlobalSection
	GlobalSection(ProjectConfigurationPlatforms) = postSolution
		{9966DB20-52BD-48F9-8A28-C0B333A22B39}.Debug|Any CPU.ActiveCfg = Debug|Any CPU
		{9966DB20-52BD-48F9-8A28-C0B333A22B39}.Debug|Any CPU.Build.0 = Debug|Any CPU
		{9966DB20-52BD-48F9-8A28-C0B333A22B39}.Release|Any CPU.ActiveCfg = Release|Any CPU
		{9966DB20-52BD-48F9-8A28-C0B333A22B39}.Release|Any CPU.Build.0 = Release|Any CPU
	EndGlobalSection
	GlobalSection(SolutionProperties) = preSolution
		HideSolutionNode = FALSE
	EndGlobalSection
	GlobalSection(ExtensibilityGlobals) = postSolution
		SolutionGuid = {267334FB-71CC-4EAF-8714-13CC474BBE45}
	EndGlobalSection
EndGlobal
